
Microsoft Visual Studio Solution File, Format Version 12.00
# Visual Studio Version 17
VisualStudioVersion = 17.7.34024.191
MinimumVisualStudioVersion = 10.0.40219.1
Project("{FAE04EC0-301F-11D3-BF4B-00C04F79EFBC}") = "Week15OOPAndFiles", "Week15OOPAndFiles\Week15OOPAndFiles.csproj", "{C3DEEE5E-5EBF-4A9A-83DF-3D801E49ECB1}"
EndProject
Global
	GlobalSection(SolutionConfigurationPlatforms) = preSolution
		Debug|Any CPU = Debug|Any CPU
		Release|Any CPU = Release|Any CPU
	EndGlobalSection
	GlobalSection(ProjectConfigurationPlatforms) = postSolution
		{C3DEEE5E-5EBF-4A9A-83DF-3D801E49ECB1}.Debug|Any CPU.ActiveCfg = Debug|Any CPU
		{C3DEEE5E-5EBF-4A9A-83DF-3D801E49ECB1}.Debug|Any CPU.Build.0 = Debug|Any CPU
		{C3DEEE5E-5EBF-4A9A-83DF-3D801E49ECB1}.Release|Any CPU.ActiveCfg = Release|Any CPU
		{C3DEEE5E-5EBF-4A9A-83DF-3D801E49ECB1}.Release|Any CPU.Build.0 = Release|Any CPU
	EndGlobalSection
	GlobalSection(SolutionProperties) = preSolution
		HideSolutionNode = FALSE
	EndGlobalSection
	GlobalSection(ExtensibilityGlobals) = postSolution
		SolutionGuid = {588E17E1-B8B6-4D97-A2AE-F976B0EEE156}
	EndGlobalSection
EndGlobal
